
Microsoft Visual Studio Solution File, Format Version 12.00
# Visual Studio 15
VisualStudioVersion = 15.0.27130.2020
MinimumVisualStudioVersion = 10.0.40219.1
Project("{9A19103F-16F7-4668-BE54-9A1E7A4F7556}") = "FileServer", "FileServer\FileServer.csproj", "{B62290F2-FC51-47B6-9245-4130E7B84043}"
EndProject
Project("{9A19103F-16F7-4668-BE54-9A1E7A4F7556}") = "ConsoleApp1", "ConsoleApp1\ConsoleApp1.csproj", "{85C6A290-AE04-4DF0-BC02-E8559FF0CF37}"
EndProject
Project("{FAE04EC0-301F-11D3-BF4B-00C04F79EFBC}") = "Utilities", "Utilities\Utilities.csproj", "{3064178B-AAD1-486C-9042-E5FF983B2DAB}"
EndProject
Global
	GlobalSection(SolutionConfigurationPlatforms) = preSolution
		Debug|Any CPU = Debug|Any CPU
		Release|Any CPU = Release|Any CPU
	EndGlobalSection
	GlobalSection(ProjectConfigurationPlatforms) = postSolution
		{B62290F2-FC51-47B6-9245-4130E7B84043}.Debug|Any CPU.ActiveCfg = Debug|Any CPU
		{B62290F2-FC51-47B6-9245-4130E7B84043}.Debug|Any CPU.Build.0 = Debug|Any CPU
		{B62290F2-FC51-47B6-9245-4130E7B84043}.Release|Any CPU.ActiveCfg = Release|Any CPU
		{B62290F2-FC51-47B6-9245-4130E7B84043}.Release|Any CPU.Build.0 = Release|Any CPU
		{85C6A290-AE04-4DF0-BC02-E8559FF0CF37}.Debug|Any CPU.ActiveCfg = Debug|Any CPU
		{85C6A290-AE04-4DF0-BC02-E8559FF0CF37}.Debug|Any CPU.Build.0 = Debug|Any CPU
		{85C6A290-AE04-4DF0-BC02-E8559FF0CF37}.Release|Any CPU.ActiveCfg = Release|Any CPU
		{85C6A290-AE04-4DF0-BC02-E8559FF0CF37}.Release|Any CPU.Build.0 = Release|Any CPU
		{3064178B-AAD1-486C-9042-E5FF983B2DAB}.Debug|Any CPU.ActiveCfg = Debug|Any CPU
		{3064178B-AAD1-486C-9042-E5FF983B2DAB}.Debug|Any CPU.Build.0 = Debug|Any CPU
		{3064178B-AAD1-486C-9042-E5FF983B2DAB}.Release|Any CPU.ActiveCfg = Release|Any CPU
		{3064178B-AAD1-486C-9042-E5FF983B2DAB}.Release|Any CPU.Build.0 = Release|Any CPU
	EndGlobalSection
	GlobalSection(SolutionProperties) = preSolution
		HideSolutionNode = FALSE
	EndGlobalSection
	GlobalSection(ExtensibilityGlobals) = postSolution
		SolutionGuid = {66A6ABE3-B791-454A-A9EC-FF58C089B782}
	EndGlobalSection
EndGlobal
